
Microsoft Visual Studio Solution File, Format Version 12.00
# Visual Studio 15
VisualStudioVersion = 15.0.26114.2
MinimumVisualStudioVersion = 10.0.40219.1
Project("{2150E333-8FDC-42A3-9474-1A3956D46DE8}") = "src", "src", "{82C7A46C-450E-4079-A044-8BCCE60C81C2}"
EndProject
Project("{FAE04EC0-301F-11D3-BF4B-00C04F79EFBC}") = "Logging.Memory", "src\Logging.Memory\Logging.Memory.csproj", "{0BBE8E43-89B7-4E2C-BE8D-9424C6EA4940}"
EndProject
Global
	GlobalSection(SolutionConfigurationPlatforms) = preSolution
		Debug|Any CPU = Debug|Any CPU
		Release|Any CPU = Release|Any CPU
	EndGlobalSection
	GlobalSection(ProjectConfigurationPlatforms) = postSolution
		{0BBE8E43-89B7-4E2C-BE8D-9424C6EA4940}.Debug|Any CPU.ActiveCfg = Debug|Any CPU
		{0BBE8E43-89B7-4E2C-BE8D-9424C6EA4940}.Debug|Any CPU.Build.0 = Debug|Any CPU
		{0BBE8E43-89B7-4E2C-BE8D-9424C6EA4940}.Release|Any CPU.ActiveCfg = Release|Any CPU
		{0BBE8E43-89B7-4E2C-BE8D-9424C6EA4940}.Release|Any CPU.Build.0 = Release|Any CPU
	EndGlobalSection
	GlobalSection(SolutionProperties) = preSolution
		HideSolutionNode = FALSE
	EndGlobalSection
	GlobalSection(NestedProjects) = preSolution
		{0BBE8E43-89B7-4E2C-BE8D-9424C6EA4940} = {82C7A46C-450E-4079-A044-8BCCE60C81C2}
	EndGlobalSection
EndGlobal
